PODS:
  - DTFoundation (1.7.2):
    - DTFoundation/AppKit (= 1.7.2)
    - DTFoundation/Core (= 1.7.2)
    - DTFoundation/DTAnimatedGIF (= 1.7.2)
    - DTFoundation/DTASN1 (= 1.7.2)
    - DTFoundation/DTAWS (= 1.7.2)
    - DTFoundation/DTHTMLParser (= 1.7.2)
    - DTFoundation/DTProgressHUD (= 1.7.2)
    - DTFoundation/DTReachability (= 1.7.2)
    - DTFoundation/DTSidePanel (= 1.7.2)
    - DTFoundation/DTSQLite (= 1.7.2)
    - DTFoundation/DTUTI (= 1.7.2)
    - DTFoundation/DTZipArchive (= 1.7.2)
    - DTFoundation/UIKit (= 1.7.2)
    - DTFoundation/UIKit_BlocksAdditions (= 1.7.2)
  - DTFoundation/Core (1.7.2)
  - DTFoundation/DTAnimatedGIF (1.7.2)
  - DTFoundation/DTASN1 (1.7.2):
    - DTFoundation/Core
  - DTFoundation/DTAWS (1.7.2):
    - DTFoundation/Core
  - DTFoundation/DTHTMLParser (1.7.2):
    - DTFoundation/Core
  - DTFoundation/DTProgressHUD (1.7.2):
    - DTFoundation/Core
    - DTFoundation/UIKit
  - DTFoundation/DTReachability (1.7.2):
    - DTFoundation/Core
  - DTFoundation/DTSidePanel (1.7.2):
    - DTFoundation/UIKit
  - DTFoundation/DTSQLite (1.7.2):
    - DTFoundation/Core
  - DTFoundation/DTUTI (1.7.2)
  - DTFoundation/DTZipArchive (1.7.2):
    - DTFoundation/DTZipArchive/Minizip (= 1.7.2)
  - DTFoundation/DTZipArchive/Minizip (1.7.2)
  - DTFoundation/UIKit (1.7.2):
    - DTFoundation/Core
  - DTFoundation/UIKit_BlocksAdditions (1.7.2):
    - DTFoundation/Core
  - FlurrySDK (5.4.0):
    - FlurrySDK/FlurrySDK (= 5.4.0)
  - FlurrySDK/FlurrySDK (5.4.0)
  - Google-Mobile-Ads-SDK (6.12.2)
  - IFATestingSupport (1.0.0):
    - OCHamcrest
    - OCMock (= 2.2.4)
  - MWFeedParser (1.0.1):
    - MWFeedParser/FeedParser (= 1.0.1)
    - MWFeedParser/NSDate+InternetDateTime (= 1.0.1)
    - MWFeedParser/NSString+HTML (= 1.0.1)
  - MWFeedParser/FeedParser (1.0.1):
    - MWFeedParser/NSDate+InternetDateTime
    - MWFeedParser/NSString+HTML
  - MWFeedParser/NSDate+InternetDateTime (1.0.1)
  - MWFeedParser/NSString+HTML (1.0.1)
  - OCHamcrest (4.1.1)
  - OCMock (2.2.4)
  - ODRefreshControl (1.1.0)

DEPENDENCIES:
  - DTFoundation (= 1.7.2)
  - FlurrySDK
  - Google-Mobile-Ads-SDK (~> 6)
  - IFATestingSupport
  - MWFeedParser (= 1.0.1)
  - OCHamcrest (~> 4)
  - OCMock (~> 2)
  - ODRefreshControl (= 1.1.0)

SPEC CHECKSUMS:
  DTFoundation: 126729614911ae7dbab3dcc1c078f189943bee66
  FlurrySDK: bed9e5598353f867508d164795a451e3ada92cb6
  Google-Mobile-Ads-SDK: 9761186eb5dc5e1493e71dcce2b525159f763d42
  IFATestingSupport: 93e010deba5c4ce11f21ef3b2c22bf5f0190e233
  MWFeedParser: 003cbf5398e99a7f2057fbe9583054fd1b84be72
  OCHamcrest: af1c7c5ea345de69ea6c9c2958f65f3044e5c420
  OCMock: 6db79185520e24f9f299548f2b8b07e41d881bd5
  ODRefreshControl: 7bc75258d9dba1f93c4e34654d1e4b5aa39529f0

COCOAPODS: 0.35.0
